lockVersion: 2.0.0
id: 2cbe3818-6ee7-4e44-b6fa-d22500abbe4c
management:
  docChecksum: c17f40f810bd8c7e9a0e1d603215e24a
  docVersion: 1.4.0
  speakeasyVersion: internal
  generationVersion: 2.225.2
  releaseVersion: 0.4.1
  configChecksum: 0770c467b7caf134a51de38f752f58e4
  repoURL: https://github.com/speakeasy-sdks/Sunflower-Labs-sample-sdk.git
  repoSubDirectory: .
  installationURL: https://github.com/speakeasy-sdks/Sunflower-Labs-sample-sdk.git
features:
  python:
    core: 4.4.0
    globalSecurity: 2.83.1
    globalServerURLs: 2.82.1
    methodSecurity: 2.82.0
generatedFiles:
  - src/sunflower_labs_rest_api/sdkconfiguration.py
  - src/sunflower_labs_rest_api/bee.py
  - src/sunflower_labs_rest_api/map.py
  - src/sunflower_labs_rest_api/weather_and_flight_advisory.py
  - src/sunflower_labs_rest_api/hive.py
  - src/sunflower_labs_rest_api/target.py
  - src/sunflower_labs_rest_api/auth.py
  - src/sunflower_labs_rest_api/sdk.py
  - pylintrc
  - setup.py
  - src/sunflower_labs_rest_api/__init__.py
  - src/sunflower_labs_rest_api/utils/__init__.py
  - src/sunflower_labs_rest_api/utils/retries.py
  - src/sunflower_labs_rest_api/utils/utils.py
  - src/sunflower_labs_rest_api/models/errors/sdkerror.py
  - tests/helpers.py
  - src/sunflower_labs_rest_api/models/operations/beefollow.py
  - src/sunflower_labs_rest_api/models/operations/beeinspect.py
  - src/sunflower_labs_rest_api/models/operations/beekill.py
  - src/sunflower_labs_rest_api/models/operations/beeland.py
  - src/sunflower_labs_rest_api/models/operations/beelandhere.py
  - src/sunflower_labs_rest_api/models/operations/beeptz.py
  - src/sunflower_labs_rest_api/models/operations/beeposition.py
  - src/sunflower_labs_rest_api/models/operations/beestatus.py
  - src/sunflower_labs_rest_api/models/operations/beesweep.py
  - src/sunflower_labs_rest_api/models/operations/getozs.py
  - src/sunflower_labs_rest_api/models/operations/getsweeps.py
  - src/sunflower_labs_rest_api/models/operations/getflightadvisorystatus.py
  - src/sunflower_labs_rest_api/models/operations/getweatherstatus.py
  - src/sunflower_labs_rest_api/models/operations/hiveroofcontrol.py
  - src/sunflower_labs_rest_api/models/operations/hiveroofstatus.py
  - src/sunflower_labs_rest_api/models/operations/targetposition.py
  - src/sunflower_labs_rest_api/models/operations/authtoken.py
  - src/sunflower_labs_rest_api/models/shared/security.py
  - src/sunflower_labs_rest_api/models/__init__.py
  - src/sunflower_labs_rest_api/models/errors/__init__.py
  - src/sunflower_labs_rest_api/models/operations/__init__.py
  - src/sunflower_labs_rest_api/models/shared/__init__.py
  - docs/models/operations/beefollowrequestbody.md
  - docs/models/operations/beefollowrequest.md
  - docs/models/operations/beefollowresponse.md
  - docs/models/operations/beeinspectrequestbody.md
  - docs/models/operations/beeinspectrequest.md
  - docs/models/operations/beeinspectresponse.md
  - docs/models/operations/beekillrequestbody.md
  - docs/models/operations/beekillrequest.md
  - docs/models/operations/beekillresponse.md
  - docs/models/operations/beelandrequestbody.md
  - docs/models/operations/beelandrequest.md
  - docs/models/operations/beelandresponse.md
  - docs/models/operations/beelandhererequestbody.md
  - docs/models/operations/beelandhererequest.md
  - docs/models/operations/beelandhereresponse.md
  - docs/models/operations/beeptzrequestbody.md
  - docs/models/operations/beeptzrequest.md
  - docs/models/operations/beeptzresponse.md
  - docs/models/operations/beepositionrequest.md
  - docs/models/operations/beepositionresponse.md
  - docs/models/operations/beestatusrequest.md
  - docs/models/operations/beestatusresponse.md
  - docs/models/operations/beesweeprequestbody.md
  - docs/models/operations/beesweeprequest.md
  - docs/models/operations/beesweepresponse.md
  - docs/models/operations/getozsrequest.md
  - docs/models/operations/getozsresponse.md
  - docs/models/operations/getsweepsrequest.md
  - docs/models/operations/getsweepsresponse.md
  - docs/models/operations/getflightadvisorystatusrequest.md
  - docs/models/operations/getflightadvisorystatusresponse.md
  - docs/models/operations/getweatherstatusrequest.md
  - docs/models/operations/getweatherstatusresponse.md
  - docs/models/operations/hiveroofcontrolrequestbody.md
  - docs/models/operations/hiveroofcontrolrequest.md
  - docs/models/operations/hiveroofcontrolresponse.md
  - docs/models/operations/hiveroofstatusrequest.md
  - docs/models/operations/hiveroofstatusresponse.md
  - docs/models/operations/position.md
  - docs/models/operations/targetpositionrequestbody.md
  - docs/models/operations/targetpositionrequest.md
  - docs/models/operations/targetpositionresponse.md
  - docs/models/operations/authtokenrequestbody.md
  - docs/models/operations/authtokenrequest.md
  - docs/models/operations/authtokenresponse.md
  - docs/models/shared/security.md
  - docs/sdks/sunflowerlabsrestapi/README.md
  - docs/sdks/bee/README.md
  - docs/sdks/map/README.md
  - docs/sdks/weatherandflightadvisory/README.md
  - docs/sdks/hive/README.md
  - docs/sdks/target/README.md
  - docs/sdks/auth/README.md
  - USAGE.md
  - .gitattributes
